
Microsoft Visual Studio Solution File, Format Version 12.00
# Visual Studio Version 16
VisualStudioVersion = 16.0.32228.343
MinimumVisualStudioVersion = 10.0.40219.1
Project("{FAE04EC0-301F-11D3-BF4B-00C04F79EFBC}") = "WebEnacal2", "WebEnacal2\WebEnacal2.csproj", "{2CE020EA-2530-45F4-B725-BE5015302478}"
EndProject
Global
	GlobalSection(SolutionConfigurationPlatforms) = preSolution
		Debug|Any CPU = Debug|Any CPU
		Release|Any CPU = Release|Any CPU
	EndGlobalSection
	GlobalSection(ProjectConfigurationPlatforms) = postSolution
		{2CE020EA-2530-45F4-B725-BE5015302478}.Debug|Any CPU.ActiveCfg = Debug|Any CPU
		{2CE020EA-2530-45F4-B725-BE5015302478}.Debug|Any CPU.Build.0 = Debug|Any CPU
		{2CE020EA-2530-45F4-B725-BE5015302478}.Release|Any CPU.ActiveCfg = Release|Any CPU
		{2CE020EA-2530-45F4-B725-BE5015302478}.Release|Any CPU.Build.0 = Release|Any CPU
	EndGlobalSection
	GlobalSection(SolutionProperties) = preSolution
		HideSolutionNode = FALSE
	EndGlobalSection
	GlobalSection(ExtensibilityGlobals) = postSolution
		SolutionGuid = {2F41C55B-9513-4F94-AF76-8DA3F6022BCF}
	EndGlobalSection
EndGlobal
